<?xml version="1.0" encoding="UTF-8"?>
<CodeBlocks_project_file>
	<FileVersion major="1" minor="6"/>
	<Project>
		<Option title="entranse_task"/>
		<Option makefile_is_custom="1"/>
		<Option compiler="gcc"/>
		<Option virtualFolders="CMake Files\;"/>
		<Build>
			<Target title="all">
				<Option working_dir="/run/media/trionprog/ccc6f104-abca-49ec-8db7-303c8e38ab37/ITMO/course_4/io_systems/lab_1"/>
				<Option type="4"/>
				<MakeCommands>
					<Build command="/usr/bin/make -j4 -f &quot;/run/media/trionprog/ccc6f104-abca-49ec-8db7-303c8e38ab37/ITMO/course_4/io_systems/lab_1/Makefile&quot;  VERBOSE=1 all"/>
					<CompileFile command="/usr/bin/make -j4 -f &quot;/run/media/trionprog/ccc6f104-abca-49ec-8db7-303c8e38ab37/ITMO/course_4/io_systems/lab_1/Makefile&quot;  VERBOSE=1 &quot;$file&quot;"/>
					<Clean command="/usr/bin/make -j4 -f &quot;/run/media/trionprog/ccc6f104-abca-49ec-8db7-303c8e38ab37/ITMO/course_4/io_systems/lab_1/Makefile&quot;  VERBOSE=1 clean"/>
					<DistClean command="/usr/bin/make -j4 -f &quot;/run/media/trionprog/ccc6f104-abca-49ec-8db7-303c8e38ab37/ITMO/course_4/io_systems/lab_1/Makefile&quot;  VERBOSE=1 clean"/>
				</MakeCommands>
			</Target>
			<Target title="rebuild_cache">
				<Option working_dir="/run/media/trionprog/ccc6f104-abca-49ec-8db7-303c8e38ab37/ITMO/course_4/io_systems/lab_1"/>
				<Option type="4"/>
				<MakeCommands>
					<Build command="/usr/bin/make -j4 -f &quot;/run/media/trionprog/ccc6f104-abca-49ec-8db7-303c8e38ab37/ITMO/course_4/io_systems/lab_1/Makefile&quot;  VERBOSE=1 rebuild_cache"/>
					<CompileFile command="/usr/bin/make -j4 -f &quot;/run/media/trionprog/ccc6f104-abca-49ec-8db7-303c8e38ab37/ITMO/course_4/io_systems/lab_1/Makefile&quot;  VERBOSE=1 &quot;$file&quot;"/>
					<Clean command="/usr/bin/make -j4 -f &quot;/run/media/trionprog/ccc6f104-abca-49ec-8db7-303c8e38ab37/ITMO/course_4/io_systems/lab_1/Makefile&quot;  VERBOSE=1 clean"/>
					<DistClean command="/usr/bin/make -j4 -f &quot;/run/media/trionprog/ccc6f104-abca-49ec-8db7-303c8e38ab37/ITMO/course_4/io_systems/lab_1/Makefile&quot;  VERBOSE=1 clean"/>
				</MakeCommands>
			</Target>
			<Target title="edit_cache">
				<Option working_dir="/run/media/trionprog/ccc6f104-abca-49ec-8db7-303c8e38ab37/ITMO/course_4/io_systems/lab_1"/>
				<Option type="4"/>
				<MakeCommands>
					<Build command="/usr/bin/make -j4 -f &quot;/run/media/trionprog/ccc6f104-abca-49ec-8db7-303c8e38ab37/ITMO/course_4/io_systems/lab_1/Makefile&quot;  VERBOSE=1 edit_cache"/>
					<CompileFile command="/usr/bin/make -j4 -f &quot;/run/media/trionprog/ccc6f104-abca-49ec-8db7-303c8e38ab37/ITMO/course_4/io_systems/lab_1/Makefile&quot;  VERBOSE=1 &quot;$file&quot;"/>
					<Clean command="/usr/bin/make -j4 -f &quot;/run/media/trionprog/ccc6f104-abca-49ec-8db7-303c8e38ab37/ITMO/course_4/io_systems/lab_1/Makefile&quot;  VERBOSE=1 clean"/>
					<DistClean command="/usr/bin/make -j4 -f &quot;/run/media/trionprog/ccc6f104-abca-49ec-8db7-303c8e38ab37/ITMO/course_4/io_systems/lab_1/Makefile&quot;  VERBOSE=1 clean"/>
				</MakeCommands>
			</Target>
			<Target title="lab_1">
				<Option output="/run/media/trionprog/ccc6f104-abca-49ec-8db7-303c8e38ab37/ITMO/course_4/io_systems/lab_1/lab_1" prefix_auto="0" extension_auto="0"/>
				<Option working_dir="/run/media/trionprog/ccc6f104-abca-49ec-8db7-303c8e38ab37/ITMO/course_4/io_systems/lab_1"/>
				<Option object_output="./"/>
				<Option type="1"/>
				<Option compiler="gcc"/>
				<Compiler>
					<Add directory="/run/media/trionprog/ccc6f104-abca-49ec-8db7-303c8e38ab37/ITMO/course_4/io_systems/lab_1/systemc-2.3.1a/include"/>
					<Add directory="/usr/lib/gcc/x86_64-pc-linux-gnu/7.1.1/../../../../include/c++/7.1.1"/>
					<Add directory="/usr/lib/gcc/x86_64-pc-linux-gnu/7.1.1/../../../../include/c++/7.1.1/x86_64-pc-linux-gnu"/>
					<Add directory="/usr/lib/gcc/x86_64-pc-linux-gnu/7.1.1/../../../../include/c++/7.1.1/backward"/>
					<Add directory="/usr/lib/gcc/x86_64-pc-linux-gnu/7.1.1/include"/>
					<Add directory="/usr/local/include"/>
					<Add directory="/usr/lib/gcc/x86_64-pc-linux-gnu/7.1.1/include-fixed"/>
					<Add directory="/usr/include"/>
				</Compiler>
				<MakeCommands>
					<Build command="/usr/bin/make -j4 -f &quot;/run/media/trionprog/ccc6f104-abca-49ec-8db7-303c8e38ab37/ITMO/course_4/io_systems/lab_1/Makefile&quot;  VERBOSE=1 lab_1"/>
					<CompileFile command="/usr/bin/make -j4 -f &quot;/run/media/trionprog/ccc6f104-abca-49ec-8db7-303c8e38ab37/ITMO/course_4/io_systems/lab_1/Makefile&quot;  VERBOSE=1 &quot;$file&quot;"/>
					<Clean command="/usr/bin/make -j4 -f &quot;/run/media/trionprog/ccc6f104-abca-49ec-8db7-303c8e38ab37/ITMO/course_4/io_systems/lab_1/Makefile&quot;  VERBOSE=1 clean"/>
					<DistClean command="/usr/bin/make -j4 -f &quot;/run/media/trionprog/ccc6f104-abca-49ec-8db7-303c8e38ab37/ITMO/course_4/io_systems/lab_1/Makefile&quot;  VERBOSE=1 clean"/>
				</MakeCommands>
			</Target>
			<Target title="lab_1/fast">
				<Option output="/run/media/trionprog/ccc6f104-abca-49ec-8db7-303c8e38ab37/ITMO/course_4/io_systems/lab_1/lab_1" prefix_auto="0" extension_auto="0"/>
				<Option working_dir="/run/media/trionprog/ccc6f104-abca-49ec-8db7-303c8e38ab37/ITMO/course_4/io_systems/lab_1"/>
				<Option object_output="./"/>
				<Option type="1"/>
				<Option compiler="gcc"/>
				<Compiler>
					<Add directory="/run/media/trionprog/ccc6f104-abca-49ec-8db7-303c8e38ab37/ITMO/course_4/io_systems/lab_1/systemc-2.3.1a/include"/>
					<Add directory="/usr/lib/gcc/x86_64-pc-linux-gnu/7.1.1/../../../../include/c++/7.1.1"/>
					<Add directory="/usr/lib/gcc/x86_64-pc-linux-gnu/7.1.1/../../../../include/c++/7.1.1/x86_64-pc-linux-gnu"/>
					<Add directory="/usr/lib/gcc/x86_64-pc-linux-gnu/7.1.1/../../../../include/c++/7.1.1/backward"/>
					<Add directory="/usr/lib/gcc/x86_64-pc-linux-gnu/7.1.1/include"/>
					<Add directory="/usr/local/include"/>
					<Add directory="/usr/lib/gcc/x86_64-pc-linux-gnu/7.1.1/include-fixed"/>
					<Add directory="/usr/include"/>
				</Compiler>
				<MakeCommands>
					<Build command="/usr/bin/make -j4 -f &quot;/run/media/trionprog/ccc6f104-abca-49ec-8db7-303c8e38ab37/ITMO/course_4/io_systems/lab_1/Makefile&quot;  VERBOSE=1 lab_1/fast"/>
					<CompileFile command="/usr/bin/make -j4 -f &quot;/run/media/trionprog/ccc6f104-abca-49ec-8db7-303c8e38ab37/ITMO/course_4/io_systems/lab_1/Makefile&quot;  VERBOSE=1 &quot;$file&quot;"/>
					<Clean command="/usr/bin/make -j4 -f &quot;/run/media/trionprog/ccc6f104-abca-49ec-8db7-303c8e38ab37/ITMO/course_4/io_systems/lab_1/Makefile&quot;  VERBOSE=1 clean"/>
					<DistClean command="/usr/bin/make -j4 -f &quot;/run/media/trionprog/ccc6f104-abca-49ec-8db7-303c8e38ab37/ITMO/course_4/io_systems/lab_1/Makefile&quot;  VERBOSE=1 clean"/>
				</MakeCommands>
			</Target>
		</Build>
		<Unit filename="/run/media/trionprog/ccc6f104-abca-49ec-8db7-303c8e38ab37/ITMO/course_4/io_systems/lab_1/src/lib/include/addresses.h">
			<Option target="lab_1"/>
		</Unit>
		<Unit filename="/run/media/trionprog/ccc6f104-abca-49ec-8db7-303c8e38ab37/ITMO/course_4/io_systems/lab_1/src/lib/include/bus.h">
			<Option target="lab_1"/>
		</Unit>
		<Unit filename="/run/media/trionprog/ccc6f104-abca-49ec-8db7-303c8e38ab37/ITMO/course_4/io_systems/lab_1/src/lib/include/common.h">
			<Option target="lab_1"/>
		</Unit>
		<Unit filename="/run/media/trionprog/ccc6f104-abca-49ec-8db7-303c8e38ab37/ITMO/course_4/io_systems/lab_1/src/lib/include/core.h">
			<Option target="lab_1"/>
		</Unit>
		<Unit filename="/run/media/trionprog/ccc6f104-abca-49ec-8db7-303c8e38ab37/ITMO/course_4/io_systems/lab_1/src/lib/include/edge_detector.h">
			<Option target="lab_1"/>
		</Unit>
		<Unit filename="/run/media/trionprog/ccc6f104-abca-49ec-8db7-303c8e38ab37/ITMO/course_4/io_systems/lab_1/src/lib/include/icconf.h">
			<Option target="lab_1"/>
		</Unit>
		<Unit filename="/run/media/trionprog/ccc6f104-abca-49ec-8db7-303c8e38ab37/ITMO/course_4/io_systems/lab_1/src/lib/include/input_capture/config.h">
			<Option target="lab_1"/>
		</Unit>
		<Unit filename="/run/media/trionprog/ccc6f104-abca-49ec-8db7-303c8e38ab37/ITMO/course_4/io_systems/lab_1/src/lib/include/input_capture/input_capture.h">
			<Option target="lab_1"/>
		</Unit>
		<Unit filename="/run/media/trionprog/ccc6f104-abca-49ec-8db7-303c8e38ab37/ITMO/course_4/io_systems/lab_1/src/lib/include/prescaler.h">
			<Option target="lab_1"/>
		</Unit>
		<Unit filename="/run/media/trionprog/ccc6f104-abca-49ec-8db7-303c8e38ab37/ITMO/course_4/io_systems/lab_1/src/lib/include/timer1.h">
			<Option target="lab_1"/>
		</Unit>
		<Unit filename="/run/media/trionprog/ccc6f104-abca-49ec-8db7-303c8e38ab37/ITMO/course_4/io_systems/lab_1/src/lib/input_capture.cpp">
			<Option target="lab_1"/>
		</Unit>
		<Unit filename="/run/media/trionprog/ccc6f104-abca-49ec-8db7-303c8e38ab37/ITMO/course_4/io_systems/lab_1/src/lib/src/bus.cpp">
			<Option target="lab_1"/>
		</Unit>
		<Unit filename="/run/media/trionprog/ccc6f104-abca-49ec-8db7-303c8e38ab37/ITMO/course_4/io_systems/lab_1/src/lib/src/core.cpp">
			<Option target="lab_1"/>
		</Unit>
		<Unit filename="/run/media/trionprog/ccc6f104-abca-49ec-8db7-303c8e38ab37/ITMO/course_4/io_systems/lab_1/src/lib/src/edge_detector.cpp">
			<Option target="lab_1"/>
		</Unit>
		<Unit filename="/run/media/trionprog/ccc6f104-abca-49ec-8db7-303c8e38ab37/ITMO/course_4/io_systems/lab_1/src/lib/src/icconf.cpp">
			<Option target="lab_1"/>
		</Unit>
		<Unit filename="/run/media/trionprog/ccc6f104-abca-49ec-8db7-303c8e38ab37/ITMO/course_4/io_systems/lab_1/src/lib/src/prescaler.cpp">
			<Option target="lab_1"/>
		</Unit>
		<Unit filename="/run/media/trionprog/ccc6f104-abca-49ec-8db7-303c8e38ab37/ITMO/course_4/io_systems/lab_1/src/lib/src/timer1.cpp">
			<Option target="lab_1"/>
		</Unit>
		<Unit filename="/run/media/trionprog/ccc6f104-abca-49ec-8db7-303c8e38ab37/ITMO/course_4/io_systems/lab_1/src/main.cpp">
			<Option target="lab_1"/>
		</Unit>
		<Unit filename="/run/media/trionprog/ccc6f104-abca-49ec-8db7-303c8e38ab37/ITMO/course_4/io_systems/lab_1/CMakeLists.txt">
			<Option virtualFolder="CMake Files\"/>
		</Unit>
	</Project>
</CodeBlocks_project_file>
